
Microsoft Visual Studio Solution File, Format Version 12.00
# Visual Studio Version 17
VisualStudioVersion = 17.8.34330.188
MinimumVisualStudioVersion = 10.0.40219.1
Project("{FAE04EC0-301F-11D3-BF4B-00C04F79EFBC}") = "usb", "usb\usb.csproj", "{5C229966-098D-4DA8-A867-C10145A98F94}"
EndProject
Global
	GlobalSection(SolutionConfigurationPlatforms) = preSolution
		Debug|Any CPU = Debug|Any CPU
		Release|Any CPU = Release|Any CPU
	EndGlobalSection
	GlobalSection(ProjectConfigurationPlatforms) = postSolution
		{5C229966-098D-4DA8-A867-C10145A98F94}.Debug|Any CPU.ActiveCfg = Debug|Any CPU
		{5C229966-098D-4DA8-A867-C10145A98F94}.Debug|Any CPU.Build.0 = Debug|Any CPU
		{5C229966-098D-4DA8-A867-C10145A98F94}.Release|Any CPU.ActiveCfg = Release|Any CPU
		{5C229966-098D-4DA8-A867-C10145A98F94}.Release|Any CPU.Build.0 = Release|Any CPU
	EndGlobalSection
	GlobalSection(SolutionProperties) = preSolution
		HideSolutionNode = FALSE
	EndGlobalSection
	GlobalSection(ExtensibilityGlobals) = postSolution
		SolutionGuid = {7512E237-2A5A-46BA-91AE-3F016A220FAE}
	EndGlobalSection
EndGlobal
